#include "stdafx.h"
#include "serv.h"
#include "buffer.h"

#ifdef _DEBUG
#define new DEBUG_NEW
#endif

#include <stdio.h>
#include "winsock2.h"

int CallThread(Cyc_Buffer* pBuffer_cyc);
int CallServ(Cyc_Buffer* pBuffer_cyc);



// The one and only application object

//CWinApp theApp;



using namespace std;

Cyc_Buffer Buffer_cyc;

//int _tmain(int argc, TCHAR* argv[], TCHAR* envp[])
int main()
{
      
    CallThread(&Buffer_cyc);

    CallServ(&Buffer_cyc);
    
    while (1);

}
